{
  "name": "nodecurso",
  "version": "1.0.0",
  "lockfileVersion": 1,
  "requires": true,
  "dependencies": {
    "bootstrap": {
      "version": "4.4.1",
      "resolved": "https://registry.npmjs.org/bootstrap/-/bootstrap-4.4.1.tgz",
      "integrity": "sha512-tbx5cHubwE6e2ZG7nqM3g/FZ5PQEDMWmMGNrCUBVRPHXTJaH7CBDdsLeu3eCh3B1tzAxTnAbtmrzvWEvT2NNEA=="
    },
    "yarn": {
      "version": "1.22.13",
      "resolved": "https://registry.npmjs.org/yarn/-/yarn-1.22.13.tgz",
      "integrity": "sha512-G8qG4t7Ef5cLVpzbM3HWWsow4hpfeSCfKtMnjfERmp9V5qSCOKz0uGAIQCM/x3gWfCzH8Bvb4hl3ZfhG/XD1Jg=="
    }
  }
}
